Microsoft Visual Studio Solution File, Format Version 12.00
# Visual Studio Version 17
VisualStudioVersion = 17.5.2.0
MinimumVisualStudioVersion = 10.0.40219.1
Project("{FAE04EC0-301F-11D3-BF4B-00C04F79EFBC}") = "PdfSigner", "PdfSigner.csproj", "{D706C427-58EC-D6FE-2504-EDD8E7AE829A}"
EndProject
Project("{FAE04EC0-301F-11D3-BF4B-00C04F79EFBC}") = "PdfSigner.Tests", "PdfSigner.Tests\PdfSigner.Tests.csproj", "{6FE96A72-FD09-122B-7AC4-AE26801827EF}"
EndProject
Global
	GlobalSection(SolutionConfigurationPlatforms) = preSolution
		Debug|Any CPU = Debug|Any CPU
		Release|Any CPU = Release|Any CPU
	EndGlobalSection
	GlobalSection(ProjectConfigurationPlatforms) = postSolution
		{D706C427-58EC-D6FE-2504-EDD8E7AE829A}.Debug|Any CPU.ActiveCfg = Debug|Any CPU
		{D706C427-58EC-D6FE-2504-EDD8E7AE829A}.Debug|Any CPU.Build.0 = Debug|Any CPU
		{D706C427-58EC-D6FE-2504-EDD8E7AE829A}.Release|Any CPU.ActiveCfg = Release|Any CPU
		{D706C427-58EC-D6FE-2504-EDD8E7AE829A}.Release|Any CPU.Build.0 = Release|Any CPU
		{6FE96A72-FD09-122B-7AC4-AE26801827EF}.Debug|Any CPU.ActiveCfg = Debug|Any CPU
		{6FE96A72-FD09-122B-7AC4-AE26801827EF}.Debug|Any CPU.Build.0 = Debug|Any CPU
		{6FE96A72-FD09-122B-7AC4-AE26801827EF}.Release|Any CPU.ActiveCfg = Release|Any CPU
		{6FE96A72-FD09-122B-7AC4-AE26801827EF}.Release|Any CPU.Build.0 = Release|Any CPU
	EndGlobalSection
	GlobalSection(SolutionProperties) = preSolution
		HideSolutionNode = FALSE
	EndGlobalSection
	GlobalSection(ExtensibilityGlobals) = postSolution
		SolutionGuid = {958D6044-32AA-4939-96CB-1BFC0CB73A90}
	EndGlobalSection
EndGlobal
